
Microsoft Visual Studio Solution File, Format Version 10.00
# Visual Studio 2008
Project("{6989167D-11E4-40FE-8C1A-2192A86A7E90}") = "pollutionModel", "pollutionModel.vfproj", "{3C0E1089-695F-4D25-B165-D9B427E43499}"
EndProject
Global
	GlobalSection(SolutionConfigurationPlatforms) = preSolution
		Debug|Win32 = Debug|Win32
		Release|Win32 = Release|Win32
	EndGlobalSection
	GlobalSection(ProjectConfigurationPlatforms) = postSolution
		{3C0E1089-695F-4D25-B165-D9B427E43499}.Debug|Win32.ActiveCfg = Debug|Win32
		{3C0E1089-695F-4D25-B165-D9B427E43499}.Debug|Win32.Build.0 = Debug|Win32
		{3C0E1089-695F-4D25-B165-D9B427E43499}.Release|Win32.ActiveCfg = Release|Win32
		{3C0E1089-695F-4D25-B165-D9B427E43499}.Release|Win32.Build.0 = Release|Win32
	EndGlobalSection
	GlobalSection(SolutionProperties) = preSolution
		HideSolutionNode = FALSE
	EndGlobalSection
EndGlobal
