Microsoft Visual Studio Solution File, Format Version 11.00
# Visual Studio 2010
Project("{2150E333-8FDC-42A3-9474-1A3956D46DE8}") = "OpenDaDotNet", "OpenDaDotNet", "{635E4F85-D0DA-4977-B30C-CA3FF42E6754}"
EndProject
Project("{2150E333-8FDC-42A3-9474-1A3956D46DE8}") = "src", "src", "{9F3F85FC-B146-45BD-8450-A046CE3F5ACB}"
EndProject
Project("{2150E333-8FDC-42A3-9474-1A3956D46DE8}") = "test", "test", "{3DE6A98E-EB76-49AD-9A65-F565D30A2D85}"
EndProject
Project("{2150E333-8FDC-42A3-9474-1A3956D46DE8}") = "OpenDaDotnet2Java", "OpenDaDotnet2Java", "{066460A4-2DAD-4EAD-AA57-4C8B93581F76}"
EndProject
Project("{2150E333-8FDC-42A3-9474-1A3956D46DE8}") = "OpenMI", "OpenMI", "{5A637906-7A3A-459B-8144-F4E440422909}"
EndProject
Project("{FAE04EC0-301F-11D3-BF4B-00C04F79EFBC}") = "OpenDA.DotNet.Interfaces", "src\OpenDA.DotNet.Interfaces\OpenDA.DotNet.Interfaces.csproj", "{50AC9F5F-33D1-43CC-86C0-2C20B07840CC}"
EndProject
Project("{FAE04EC0-301F-11D3-BF4B-00C04F79EFBC}") = "OpenDA.DotNet.SDK", "src\OpenDA.DotNet.SDK\OpenDA.DotNet.SDK.csproj", "{9E6DE8FA-3107-4528-99F0-9C8A8479F675}"
EndProject
Project("{FAE04EC0-301F-11D3-BF4B-00C04F79EFBC}") = "OpenDA.DotNet.Bridge", "src\OpenDA.DotNet.Bridge\OpenDA.DotNet.Bridge.csproj", "{ED989563-A73D-457F-A9E3-AADE665DE810}"
EndProject
Project("{FAE04EC0-301F-11D3-BF4B-00C04F79EFBC}") = "OpenDA.DotNet.OpenMI.Bridge", "src\OpenDA.DotNet.OpenMI.Bridge\OpenDA.DotNet.OpenMI.Bridge.csproj", "{D7539965-AEF6-4493-9A42-5737A539D039}"
EndProject
Project("{FAE04EC0-301F-11D3-BF4B-00C04F79EFBC}") = "OpenDA.DotNet.Models", "src\OpenDA.DotNet.Models\OpenDA.DotNet.Models.csproj", "{D1608FDF-4C53-41E3-8027-5509FBAA6D98}"
EndProject
Project("{FAE04EC0-301F-11D3-BF4B-00C04F79EFBC}") = "OpenDA.DotNet.Models.UnitTests", "test\OpenDA.DotNet.Models.UnitTests\OpenDA.DotNet.Models.UnitTests.csproj", "{075B3690-6B0A-49D5-82A0-F21B6B217390}"
EndProject
Project("{FAE04EC0-301F-11D3-BF4B-00C04F79EFBC}") = "OpenDA.DotNet.OpenMI.Models", "src\OpenDA.DotNet.OpenMI.Models\OpenDA.DotNet.OpenMI.Models.csproj", "{6AF689EA-6772-4909-B961-C627346535AB}"
EndProject
Project("{FAE04EC0-301F-11D3-BF4B-00C04F79EFBC}") = "OpenDA.DotNet.AdditionalInterfaces", "src\OpenDA.DotNet.AdditionalInterfaces\OpenDA.DotNet.AdditionalInterfaces.csproj", "{CBD5426E-AF5A-435A-8AD4-572A0B5A1334}"
EndProject
Project("{FAE04EC0-301F-11D3-BF4B-00C04F79EFBC}") = "OpenDA.DotNet.OpenMI.UnitTests", "test\OpenDA.DotNet.OpenMI.UnitTests\OpenDA.DotNet.OpenMI.UnitTests.csproj", "{ED951EB6-8175-4B2F-B87D-BE78447C0CD6}"
EndProject
Global
	GlobalSection(SolutionConfigurationPlatforms) = preSolution
		Debug|Any CPU = Debug|Any CPU
		Release|Any CPU = Release|Any CPU
	EndGlobalSection
	GlobalSection(ProjectConfigurationPlatforms) = postSolution
		{50AC9F5F-33D1-43CC-86C0-2C20B07840CC}.Debug|Any CPU.ActiveCfg = Debug|Any CPU
		{50AC9F5F-33D1-43CC-86C0-2C20B07840CC}.Debug|Any CPU.Build.0 = Debug|Any CPU
		{50AC9F5F-33D1-43CC-86C0-2C20B07840CC}.Release|Any CPU.ActiveCfg = Release|Any CPU
		{50AC9F5F-33D1-43CC-86C0-2C20B07840CC}.Release|Any CPU.Build.0 = Release|Any CPU
		{9E6DE8FA-3107-4528-99F0-9C8A8479F675}.Debug|Any CPU.ActiveCfg = Debug|Any CPU
		{9E6DE8FA-3107-4528-99F0-9C8A8479F675}.Debug|Any CPU.Build.0 = Debug|Any CPU
		{9E6DE8FA-3107-4528-99F0-9C8A8479F675}.Release|Any CPU.ActiveCfg = Release|Any CPU
		{9E6DE8FA-3107-4528-99F0-9C8A8479F675}.Release|Any CPU.Build.0 = Release|Any CPU
		{ED989563-A73D-457F-A9E3-AADE665DE810}.Debug|Any CPU.ActiveCfg = Debug|Any CPU
		{ED989563-A73D-457F-A9E3-AADE665DE810}.Debug|Any CPU.Build.0 = Debug|Any CPU
		{ED989563-A73D-457F-A9E3-AADE665DE810}.Release|Any CPU.ActiveCfg = Release|Any CPU
		{ED989563-A73D-457F-A9E3-AADE665DE810}.Release|Any CPU.Build.0 = Release|Any CPU
		{D7539965-AEF6-4493-9A42-5737A539D039}.Debug|Any CPU.ActiveCfg = Debug|Any CPU
		{D7539965-AEF6-4493-9A42-5737A539D039}.Debug|Any CPU.Build.0 = Debug|Any CPU
		{D7539965-AEF6-4493-9A42-5737A539D039}.Release|Any CPU.ActiveCfg = Release|Any CPU
		{D7539965-AEF6-4493-9A42-5737A539D039}.Release|Any CPU.Build.0 = Release|Any CPU
		{D1608FDF-4C53-41E3-8027-5509FBAA6D98}.Debug|Any CPU.ActiveCfg = Debug|Any CPU
		{D1608FDF-4C53-41E3-8027-5509FBAA6D98}.Debug|Any CPU.Build.0 = Debug|Any CPU
		{D1608FDF-4C53-41E3-8027-5509FBAA6D98}.Release|Any CPU.ActiveCfg = Release|Any CPU
		{D1608FDF-4C53-41E3-8027-5509FBAA6D98}.Release|Any CPU.Build.0 = Release|Any CPU
		{075B3690-6B0A-49D5-82A0-F21B6B217390}.Debug|Any CPU.ActiveCfg = Debug|Any CPU
		{075B3690-6B0A-49D5-82A0-F21B6B217390}.Debug|Any CPU.Build.0 = Debug|Any CPU
		{075B3690-6B0A-49D5-82A0-F21B6B217390}.Release|Any CPU.ActiveCfg = Release|Any CPU
		{075B3690-6B0A-49D5-82A0-F21B6B217390}.Release|Any CPU.Build.0 = Release|Any CPU
		{6AF689EA-6772-4909-B961-C627346535AB}.Debug|Any CPU.ActiveCfg = Debug|Any CPU
		{6AF689EA-6772-4909-B961-C627346535AB}.Debug|Any CPU.Build.0 = Debug|Any CPU
		{6AF689EA-6772-4909-B961-C627346535AB}.Release|Any CPU.ActiveCfg = Release|Any CPU
		{6AF689EA-6772-4909-B961-C627346535AB}.Release|Any CPU.Build.0 = Release|Any CPU
		{CBD5426E-AF5A-435A-8AD4-572A0B5A1334}.Debug|Any CPU.ActiveCfg = Debug|Any CPU
		{CBD5426E-AF5A-435A-8AD4-572A0B5A1334}.Debug|Any CPU.Build.0 = Debug|Any CPU
		{CBD5426E-AF5A-435A-8AD4-572A0B5A1334}.Release|Any CPU.ActiveCfg = Release|Any CPU
		{CBD5426E-AF5A-435A-8AD4-572A0B5A1334}.Release|Any CPU.Build.0 = Release|Any CPU
		{ED951EB6-8175-4B2F-B87D-BE78447C0CD6}.Debug|Any CPU.ActiveCfg = Debug|Any CPU
		{ED951EB6-8175-4B2F-B87D-BE78447C0CD6}.Debug|Any CPU.Build.0 = Debug|Any CPU
		{ED951EB6-8175-4B2F-B87D-BE78447C0CD6}.Release|Any CPU.ActiveCfg = Release|Any CPU
		{ED951EB6-8175-4B2F-B87D-BE78447C0CD6}.Release|Any CPU.Build.0 = Release|Any CPU
	EndGlobalSection
	GlobalSection(SolutionProperties) = preSolution
		HideSolutionNode = FALSE
	EndGlobalSection
	GlobalSection(NestedProjects) = preSolution
		{635E4F85-D0DA-4977-B30C-CA3FF42E6754} = {9F3F85FC-B146-45BD-8450-A046CE3F5ACB}
		{066460A4-2DAD-4EAD-AA57-4C8B93581F76} = {9F3F85FC-B146-45BD-8450-A046CE3F5ACB}
		{5A637906-7A3A-459B-8144-F4E440422909} = {9F3F85FC-B146-45BD-8450-A046CE3F5ACB}
		{9E6DE8FA-3107-4528-99F0-9C8A8479F675} = {635E4F85-D0DA-4977-B30C-CA3FF42E6754}
		{D1608FDF-4C53-41E3-8027-5509FBAA6D98} = {635E4F85-D0DA-4977-B30C-CA3FF42E6754}
		{075B3690-6B0A-49D5-82A0-F21B6B217390} = {3DE6A98E-EB76-49AD-9A65-F565D30A2D85}
		{ED951EB6-8175-4B2F-B87D-BE78447C0CD6} = {3DE6A98E-EB76-49AD-9A65-F565D30A2D85}
		{50AC9F5F-33D1-43CC-86C0-2C20B07840CC} = {066460A4-2DAD-4EAD-AA57-4C8B93581F76}
		{ED989563-A73D-457F-A9E3-AADE665DE810} = {066460A4-2DAD-4EAD-AA57-4C8B93581F76}
		{D7539965-AEF6-4493-9A42-5737A539D039} = {5A637906-7A3A-459B-8144-F4E440422909}
		{6AF689EA-6772-4909-B961-C627346535AB} = {5A637906-7A3A-459B-8144-F4E440422909}
		{CBD5426E-AF5A-435A-8AD4-572A0B5A1334} = {5A637906-7A3A-459B-8144-F4E440422909}
	EndGlobalSection
EndGlobal
