
Microsoft Visual Studio Solution File, Format Version 11.00
# Visual Studio 2010
Project("{FAE04EC0-301F-11D3-BF4B-00C04F79EFBC}") = "DHIStochObserver", "DHIStochObserver\DHIStochObserver.csproj", "{F03B6CBA-C485-4FA6-936B-64DB5F2929C4}"
EndProject
Project("{FAE04EC0-301F-11D3-BF4B-00C04F79EFBC}") = "DHIStochObserver_Test", "DHIStochObserver_Test\DHIStochObserver_Test.csproj", "{533FEB7F-CB0E-49D3-AC28-07F819D93189}"
EndProject
Global
	GlobalSection(SolutionConfigurationPlatforms) = preSolution
		Debug|Any CPU = Debug|Any CPU
		Release|Any CPU = Release|Any CPU
	EndGlobalSection
	GlobalSection(ProjectConfigurationPlatforms) = postSolution
		{F03B6CBA-C485-4FA6-936B-64DB5F2929C4}.Debug|Any CPU.ActiveCfg = Debug|Any CPU
		{F03B6CBA-C485-4FA6-936B-64DB5F2929C4}.Debug|Any CPU.Build.0 = Debug|Any CPU
		{F03B6CBA-C485-4FA6-936B-64DB5F2929C4}.Release|Any CPU.ActiveCfg = Release|Any CPU
		{F03B6CBA-C485-4FA6-936B-64DB5F2929C4}.Release|Any CPU.Build.0 = Release|Any CPU
		{533FEB7F-CB0E-49D3-AC28-07F819D93189}.Debug|Any CPU.ActiveCfg = Debug|Any CPU
		{533FEB7F-CB0E-49D3-AC28-07F819D93189}.Debug|Any CPU.Build.0 = Debug|Any CPU
		{533FEB7F-CB0E-49D3-AC28-07F819D93189}.Release|Any CPU.ActiveCfg = Release|Any CPU
		{533FEB7F-CB0E-49D3-AC28-07F819D93189}.Release|Any CPU.Build.0 = Release|Any CPU
	EndGlobalSection
	GlobalSection(SolutionProperties) = preSolution
		HideSolutionNode = FALSE
	EndGlobalSection
EndGlobal
