
Microsoft Visual Studio Solution File, Format Version 12.00
# Visual Studio 2012
Project("{6989167D-11E4-40FE-8C1A-2192A86A7E90}") = "blas_lapack", "blas_lapack\blas_lapack.vfproj", "{31885DEC-B56D-4900-A2C6-30097F4C2AF3}"
EndProject
Project("{8BC9CEB8-8B4A-11D0-8D11-00A0C91BC942}") = "libcta", "libcta\libcta.vcxproj", "{C56A4B5C-5817-4190-BBF0-46AEFC935692}"
	ProjectSection(ProjectDependencies) = postProject
		{31885DEC-B56D-4900-A2C6-30097F4C2AF3} = {31885DEC-B56D-4900-A2C6-30097F4C2AF3}
	EndProjectSection
EndProject
Project("{8BC9CEB8-8B4A-11D0-8D11-00A0C91BC942}") = "opendabridge", "opendabridge\opendabridge.vcxproj", "{26BF455E-DD7C-48A3-B13F-48F427AC216F}"
	ProjectSection(ProjectDependencies) = postProject
		{C56A4B5C-5817-4190-BBF0-46AEFC935692} = {C56A4B5C-5817-4190-BBF0-46AEFC935692}
		{32E21D72-0C6C-47BC-B122-B8DF0DA17E6F} = {32E21D72-0C6C-47BC-B122-B8DF0DA17E6F}
		{1FFE7772-EC27-4263-90BF-E673C4B28FEF} = {1FFE7772-EC27-4263-90BF-E673C4B28FEF}
		{31885DEC-B56D-4900-A2C6-30097F4C2AF3} = {31885DEC-B56D-4900-A2C6-30097F4C2AF3}
		{CCAC95EF-C86E-4C63-AF75-AD8044CBCE9F} = {CCAC95EF-C86E-4C63-AF75-AD8044CBCE9F}
	EndProjectSection
EndProject
Project("{6989167D-11E4-40FE-8C1A-2192A86A7E90}") = "liboscill", "liboscill\liboscill.vfproj", "{1FFE7772-EC27-4263-90BF-E673C4B28FEF}"
	ProjectSection(ProjectDependencies) = postProject
		{C56A4B5C-5817-4190-BBF0-46AEFC935692} = {C56A4B5C-5817-4190-BBF0-46AEFC935692}
		{31885DEC-B56D-4900-A2C6-30097F4C2AF3} = {31885DEC-B56D-4900-A2C6-30097F4C2AF3}
	EndProjectSection
EndProject
Project("{6989167D-11E4-40FE-8C1A-2192A86A7E90}") = "libheat_stoch", "libheat_stoch\libheat_stoch.vfproj", "{CCAC95EF-C86E-4C63-AF75-AD8044CBCE9F}"
	ProjectSection(ProjectDependencies) = postProject
		{C56A4B5C-5817-4190-BBF0-46AEFC935692} = {C56A4B5C-5817-4190-BBF0-46AEFC935692}
		{31885DEC-B56D-4900-A2C6-30097F4C2AF3} = {31885DEC-B56D-4900-A2C6-30097F4C2AF3}
	EndProjectSection
EndProject
Project("{6989167D-11E4-40FE-8C1A-2192A86A7E90}") = "libpollute2d", "libpollute2d\libpollute2d.vfproj", "{32E21D72-0C6C-47BC-B122-B8DF0DA17E6F}"
	ProjectSection(ProjectDependencies) = postProject
		{C56A4B5C-5817-4190-BBF0-46AEFC935692} = {C56A4B5C-5817-4190-BBF0-46AEFC935692}
		{31885DEC-B56D-4900-A2C6-30097F4C2AF3} = {31885DEC-B56D-4900-A2C6-30097F4C2AF3}
	EndProjectSection
EndProject
Global
	GlobalSection(SolutionConfigurationPlatforms) = preSolution
		Debug|Win32 = Debug|Win32
		Debug|x64 = Debug|x64
		Release|Win32 = Release|Win32
		Release|x64 = Release|x64
	EndGlobalSection
	GlobalSection(ProjectConfigurationPlatforms) = postSolution
		{31885DEC-B56D-4900-A2C6-30097F4C2AF3}.Debug|Win32.ActiveCfg = Debug|Win32
		{31885DEC-B56D-4900-A2C6-30097F4C2AF3}.Debug|Win32.Build.0 = Debug|Win32
		{31885DEC-B56D-4900-A2C6-30097F4C2AF3}.Debug|x64.ActiveCfg = Debug|x64
		{31885DEC-B56D-4900-A2C6-30097F4C2AF3}.Debug|x64.Build.0 = Debug|x64
		{31885DEC-B56D-4900-A2C6-30097F4C2AF3}.Release|Win32.ActiveCfg = Release|Win32
		{31885DEC-B56D-4900-A2C6-30097F4C2AF3}.Release|Win32.Build.0 = Release|Win32
		{31885DEC-B56D-4900-A2C6-30097F4C2AF3}.Release|x64.ActiveCfg = Release|x64
		{31885DEC-B56D-4900-A2C6-30097F4C2AF3}.Release|x64.Build.0 = Release|x64
		{C56A4B5C-5817-4190-BBF0-46AEFC935692}.Debug|Win32.ActiveCfg = Debug|Win32
		{C56A4B5C-5817-4190-BBF0-46AEFC935692}.Debug|Win32.Build.0 = Debug|Win32
		{C56A4B5C-5817-4190-BBF0-46AEFC935692}.Debug|x64.ActiveCfg = Debug|x64
		{C56A4B5C-5817-4190-BBF0-46AEFC935692}.Debug|x64.Build.0 = Debug|x64
		{C56A4B5C-5817-4190-BBF0-46AEFC935692}.Release|Win32.ActiveCfg = Release|Win32
		{C56A4B5C-5817-4190-BBF0-46AEFC935692}.Release|Win32.Build.0 = Release|Win32
		{C56A4B5C-5817-4190-BBF0-46AEFC935692}.Release|x64.ActiveCfg = Release|x64
		{C56A4B5C-5817-4190-BBF0-46AEFC935692}.Release|x64.Build.0 = Release|x64
		{26BF455E-DD7C-48A3-B13F-48F427AC216F}.Debug|Win32.ActiveCfg = Debug|Win32
		{26BF455E-DD7C-48A3-B13F-48F427AC216F}.Debug|Win32.Build.0 = Debug|Win32
		{26BF455E-DD7C-48A3-B13F-48F427AC216F}.Debug|x64.ActiveCfg = Debug|x64
		{26BF455E-DD7C-48A3-B13F-48F427AC216F}.Debug|x64.Build.0 = Debug|x64
		{26BF455E-DD7C-48A3-B13F-48F427AC216F}.Release|Win32.ActiveCfg = Release|Win32
		{26BF455E-DD7C-48A3-B13F-48F427AC216F}.Release|Win32.Build.0 = Release|Win32
		{26BF455E-DD7C-48A3-B13F-48F427AC216F}.Release|x64.ActiveCfg = Release|x64
		{26BF455E-DD7C-48A3-B13F-48F427AC216F}.Release|x64.Build.0 = Release|x64
		{1FFE7772-EC27-4263-90BF-E673C4B28FEF}.Debug|Win32.ActiveCfg = Debug|Win32
		{1FFE7772-EC27-4263-90BF-E673C4B28FEF}.Debug|Win32.Build.0 = Debug|Win32
		{1FFE7772-EC27-4263-90BF-E673C4B28FEF}.Debug|x64.ActiveCfg = Debug|x64
		{1FFE7772-EC27-4263-90BF-E673C4B28FEF}.Debug|x64.Build.0 = Debug|x64
		{1FFE7772-EC27-4263-90BF-E673C4B28FEF}.Release|Win32.ActiveCfg = Release|Win32
		{1FFE7772-EC27-4263-90BF-E673C4B28FEF}.Release|Win32.Build.0 = Release|Win32
		{1FFE7772-EC27-4263-90BF-E673C4B28FEF}.Release|x64.ActiveCfg = Release|x64
		{1FFE7772-EC27-4263-90BF-E673C4B28FEF}.Release|x64.Build.0 = Release|x64
		{CCAC95EF-C86E-4C63-AF75-AD8044CBCE9F}.Debug|Win32.ActiveCfg = Debug|Win32
		{CCAC95EF-C86E-4C63-AF75-AD8044CBCE9F}.Debug|Win32.Build.0 = Debug|Win32
		{CCAC95EF-C86E-4C63-AF75-AD8044CBCE9F}.Debug|x64.ActiveCfg = Debug|x64
		{CCAC95EF-C86E-4C63-AF75-AD8044CBCE9F}.Debug|x64.Build.0 = Debug|x64
		{CCAC95EF-C86E-4C63-AF75-AD8044CBCE9F}.Release|Win32.ActiveCfg = Release|Win32
		{CCAC95EF-C86E-4C63-AF75-AD8044CBCE9F}.Release|Win32.Build.0 = Release|Win32
		{CCAC95EF-C86E-4C63-AF75-AD8044CBCE9F}.Release|x64.ActiveCfg = Release|x64
		{CCAC95EF-C86E-4C63-AF75-AD8044CBCE9F}.Release|x64.Build.0 = Release|x64
		{32E21D72-0C6C-47BC-B122-B8DF0DA17E6F}.Debug|Win32.ActiveCfg = Debug|Win32
		{32E21D72-0C6C-47BC-B122-B8DF0DA17E6F}.Debug|Win32.Build.0 = Debug|Win32
		{32E21D72-0C6C-47BC-B122-B8DF0DA17E6F}.Debug|x64.ActiveCfg = Debug|x64
		{32E21D72-0C6C-47BC-B122-B8DF0DA17E6F}.Debug|x64.Build.0 = Debug|x64
		{32E21D72-0C6C-47BC-B122-B8DF0DA17E6F}.Release|Win32.ActiveCfg = Release|Win32
		{32E21D72-0C6C-47BC-B122-B8DF0DA17E6F}.Release|Win32.Build.0 = Release|Win32
		{32E21D72-0C6C-47BC-B122-B8DF0DA17E6F}.Release|x64.ActiveCfg = Release|x64
		{32E21D72-0C6C-47BC-B122-B8DF0DA17E6F}.Release|x64.Build.0 = Release|x64
	EndGlobalSection
	GlobalSection(SolutionProperties) = preSolution
		HideSolutionNode = FALSE
	EndGlobalSection
EndGlobal
